
Microsoft Visual Studio Solution File, Format Version 12.00
# Visual Studio Version 16
VisualStudioVersion = 16.0.32228.343
MinimumVisualStudioVersion = 10.0.40219.1
Project("{FAE04EC0-301F-11D3-BF4B-00C04F79EFBC}") = "POOTriangulos.Entidades", "POOTriangulos.Entidades\POOTriangulos.Entidades.csproj", "{83FB6DDE-0C6C-4BBB-A1BD-4703932537CB}"
EndProject
Project("{FAE04EC0-301F-11D3-BF4B-00C04F79EFBC}") = "POOTriangulos.Windows", "POOTriangulos.Windows\POOTriangulos.Windows.csproj", "{CC5A8A31-6079-4773-AB7A-2CF56E9AD2AA}"
EndProject
Project("{FAE04EC0-301F-11D3-BF4B-00C04F79EFBC}") = "POOTriangulos.Datos", "POOTriangulos.Datos\POOTriangulos.Datos.csproj", "{E5BF19CB-822F-4E5B-A3A7-65B5486CB6AE}"
EndProject
Global
	GlobalSection(SolutionConfigurationPlatforms) = preSolution
		Debug|Any CPU = Debug|Any CPU
		Release|Any CPU = Release|Any CPU
	EndGlobalSection
	GlobalSection(ProjectConfigurationPlatforms) = postSolution
		{83FB6DDE-0C6C-4BBB-A1BD-4703932537CB}.Debug|Any CPU.ActiveCfg = Debug|Any CPU
		{83FB6DDE-0C6C-4BBB-A1BD-4703932537CB}.Debug|Any CPU.Build.0 = Debug|Any CPU
		{83FB6DDE-0C6C-4BBB-A1BD-4703932537CB}.Release|Any CPU.ActiveCfg = Release|Any CPU
		{83FB6DDE-0C6C-4BBB-A1BD-4703932537CB}.Release|Any CPU.Build.0 = Release|Any CPU
		{CC5A8A31-6079-4773-AB7A-2CF56E9AD2AA}.Debug|Any CPU.ActiveCfg = Debug|Any CPU
		{CC5A8A31-6079-4773-AB7A-2CF56E9AD2AA}.Debug|Any CPU.Build.0 = Debug|Any CPU
		{CC5A8A31-6079-4773-AB7A-2CF56E9AD2AA}.Release|Any CPU.ActiveCfg = Release|Any CPU
		{CC5A8A31-6079-4773-AB7A-2CF56E9AD2AA}.Release|Any CPU.Build.0 = Release|Any CPU
		{E5BF19CB-822F-4E5B-A3A7-65B5486CB6AE}.Debug|Any CPU.ActiveCfg = Debug|Any CPU
		{E5BF19CB-822F-4E5B-A3A7-65B5486CB6AE}.Debug|Any CPU.Build.0 = Debug|Any CPU
		{E5BF19CB-822F-4E5B-A3A7-65B5486CB6AE}.Release|Any CPU.ActiveCfg = Release|Any CPU
		{E5BF19CB-822F-4E5B-A3A7-65B5486CB6AE}.Release|Any CPU.Build.0 = Release|Any CPU
	EndGlobalSection
	GlobalSection(SolutionProperties) = preSolution
		HideSolutionNode = FALSE
	EndGlobalSection
	GlobalSection(ExtensibilityGlobals) = postSolution
		SolutionGuid = {2C1F0B10-4593-4750-A4CC-9A057CD3C4AC}
	EndGlobalSection
EndGlobal
